schema: '2.0'
stages:
  train:
    cmd: python -m src.train.train
    deps:
    - path: data/raw/Reviews.csv
      hash: md5
      md5: c3c950ae0be8b0736477c89d052d33fd
      size: 300904694
    - path: data/raw/training.1600000.processed.noemoticon.csv
      hash: md5
      md5: df952449d6f9b5f9fdfe3fc53ddef7ca
      size: 238803811
    - path: src/
      hash: md5
      md5: 4fb1bd1c8c145400f2524603da87e85e.dir
      size: 94584
      nfiles: 27
    - path: src/params.yaml
      hash: md5
      md5: d508f6dd97bae85045393ba397e26d96
      size: 835
    outs:
    - path: metrics.json
      hash: md5
      md5: daf07f60fe5e223730b07a70287af8d1
      size: 109
    - path: models/
      hash: md5
      md5: 7c3072aa46b9c8443a5ef154b3916d60.dir
      size: 108911320
      nfiles: 1
